
Microsoft Visual Studio Solution File, Format Version 12.00
# Visual Studio Version 17
VisualStudioVersion = 17.6.33829.357
MinimumVisualStudioVersion = 10.0.40219.1
Project("{FAE04EC0-301F-11D3-BF4B-00C04F79EFBC}") = "ExcersicesPresentation7", "ExcersicesPresentation7\ExcersicesPresentation7.csproj", "{0C084688-D7A3-4F6C-B88E-115269D58100}"
EndProject
Global
	GlobalSection(SolutionConfigurationPlatforms) = preSolution
		Debug|Any CPU = Debug|Any CPU
		Release|Any CPU = Release|Any CPU
	EndGlobalSection
	GlobalSection(ProjectConfigurationPlatforms) = postSolution
		{0C084688-D7A3-4F6C-B88E-115269D58100}.Debug|Any CPU.ActiveCfg = Debug|Any CPU
		{0C084688-D7A3-4F6C-B88E-115269D58100}.Debug|Any CPU.Build.0 = Debug|Any CPU
		{0C084688-D7A3-4F6C-B88E-115269D58100}.Release|Any CPU.ActiveCfg = Release|Any CPU
		{0C084688-D7A3-4F6C-B88E-115269D58100}.Release|Any CPU.Build.0 = Release|Any CPU
	EndGlobalSection
	GlobalSection(SolutionProperties) = preSolution
		HideSolutionNode = FALSE
	EndGlobalSection
	GlobalSection(ExtensibilityGlobals) = postSolution
		SolutionGuid = {F3AE0370-A9C4-4159-A17C-9007D65B7FA8}
	EndGlobalSection
EndGlobal
